
Microsoft Visual Studio Solution File, Format Version 12.00
# Visual Studio Version 17
VisualStudioVersion = 17.11.35327.3
MinimumVisualStudioVersion = 10.0.40219.1
Project("{8BC9CEB8-8B4A-11D0-8D11-00A0C91BC942}") = "Grade_Calculator", "My_first _CppCLR_WinFormsProject12024.vcxproj", "{0412750E-1E67-4B9E-B99C-451077A76129}"
EndProject
Project("{54435603-DBB4-11D2-8724-00A0C9A8B90C}") = "Setup1", "Setup1\Setup1.vdproj", "{8F2BBAB5-73FB-4210-AC80-21EC3DE66971}"
EndProject
Global
	GlobalSection(SolutionConfigurationPlatforms) = preSolution
		Debug|x64 = Debug|x64
		Debug|x86 = Debug|x86
		Release|x64 = Release|x64
		Release|x86 = Release|x86
	EndGlobalSection
	GlobalSection(ProjectConfigurationPlatforms) = postSolution
		{0412750E-1E67-4B9E-B99C-451077A76129}.Debug|x64.ActiveCfg = Debug|x64
		{0412750E-1E67-4B9E-B99C-451077A76129}.Debug|x64.Build.0 = Debug|x64
		{0412750E-1E67-4B9E-B99C-451077A76129}.Debug|x86.ActiveCfg = Debug|Win32
		{0412750E-1E67-4B9E-B99C-451077A76129}.Debug|x86.Build.0 = Debug|Win32
		{0412750E-1E67-4B9E-B99C-451077A76129}.Release|x64.ActiveCfg = Release|x64
		{0412750E-1E67-4B9E-B99C-451077A76129}.Release|x64.Build.0 = Release|x64
		{0412750E-1E67-4B9E-B99C-451077A76129}.Release|x86.ActiveCfg = Release|Win32
		{0412750E-1E67-4B9E-B99C-451077A76129}.Release|x86.Build.0 = Release|Win32
		{8F2BBAB5-73FB-4210-AC80-21EC3DE66971}.Debug|x64.ActiveCfg = Debug
		{8F2BBAB5-73FB-4210-AC80-21EC3DE66971}.Debug|x86.ActiveCfg = Debug
		{8F2BBAB5-73FB-4210-AC80-21EC3DE66971}.Release|x64.ActiveCfg = Release
		{8F2BBAB5-73FB-4210-AC80-21EC3DE66971}.Release|x86.ActiveCfg = Release
	EndGlobalSection
	GlobalSection(SolutionProperties) = preSolution
		HideSolutionNode = FALSE
	EndGlobalSection
	GlobalSection(ExtensibilityGlobals) = postSolution
		SolutionGuid = {2FC0C0CA-7276-499D-98AD-EC507BB35D1A}
	EndGlobalSection
EndGlobal
